
Microsoft Visual Studio Solution File, Format Version 12.00
# Visual Studio 15
VisualStudioVersion = 15.0.26430.15
MinimumVisualStudioVersion = 10.0.40219.1
Project("{FAE04EC0-301F-11D3-BF4B-00C04F79EFBC}") = "JohnFedorchak", "JohnFedorchak\JohnFedorchak.csproj", "{F6BABC81-21C2-4151-9021-E9A8C77B65E2}"
EndProject
Global
	GlobalSection(SolutionConfigurationPlatforms) = preSolution
		Debug|Any CPU = Debug|Any CPU
		Release|Any CPU = Release|Any CPU
	EndGlobalSection
	GlobalSection(ProjectConfigurationPlatforms) = postSolution
		{F6BABC81-21C2-4151-9021-E9A8C77B65E2}.Debug|Any CPU.ActiveCfg = Debug|Any CPU
		{F6BABC81-21C2-4151-9021-E9A8C77B65E2}.Debug|Any CPU.Build.0 = Debug|Any CPU
		{F6BABC81-21C2-4151-9021-E9A8C77B65E2}.Release|Any CPU.ActiveCfg = Release|Any CPU
		{F6BABC81-21C2-4151-9021-E9A8C77B65E2}.Release|Any CPU.Build.0 = Release|Any CPU
	EndGlobalSection
	GlobalSection(SolutionProperties) = preSolution
		HideSolutionNode = FALSE
	EndGlobalSection
EndGlobal
